
Microsoft Visual Studio Solution File, Format Version 12.00
# Visual Studio Version 16
VisualStudioVersion = 16.0.30717.126
MinimumVisualStudioVersion = 10.0.40219.1
Project("{FAE04EC0-301F-11D3-BF4B-00C04F79EFBC}") = "True-Or-False", "True-Or-False\True-Or-False.csproj", "{FDFBA291-4B68-4E65-9A71-FB3A55494818}"
EndProject
Global
	GlobalSection(SolutionConfigurationPlatforms) = preSolution
		Debug|Any CPU = Debug|Any CPU
		Release|Any CPU = Release|Any CPU
	EndGlobalSection
	GlobalSection(ProjectConfigurationPlatforms) = postSolution
		{FDFBA291-4B68-4E65-9A71-FB3A55494818}.Debug|Any CPU.ActiveCfg = Debug|Any CPU
		{FDFBA291-4B68-4E65-9A71-FB3A55494818}.Debug|Any CPU.Build.0 = Debug|Any CPU
		{FDFBA291-4B68-4E65-9A71-FB3A55494818}.Release|Any CPU.ActiveCfg = Release|Any CPU
		{FDFBA291-4B68-4E65-9A71-FB3A55494818}.Release|Any CPU.Build.0 = Release|Any CPU
	EndGlobalSection
	GlobalSection(SolutionProperties) = preSolution
		HideSolutionNode = FALSE
	EndGlobalSection
	GlobalSection(ExtensibilityGlobals) = postSolution
		SolutionGuid = {21D6EEB5-CCBD-4040-9020-15C3211F4EFA}
	EndGlobalSection
EndGlobal
